
Microsoft Visual Studio Solution File, Format Version 12.00
# Visual Studio 2013
VisualStudioVersion = 12.0.31101.0
MinimumVisualStudioVersion = 10.0.40219.1
Project("{FAE04EC0-301F-11D3-BF4B-00C04F79EFBC}") = "Core", "Core\Core.csproj", "{062A0FEC-EC42-41CB-80A8-DAB7DE1A9D2E}"
EndProject
Project("{2150E333-8FDC-42A3-9474-1A3956D46DE8}") = "lang", "lang", "{07146CFC-A95B-4D6D-9966-F73A948817D2}"
EndProject
Project("{2150E333-8FDC-42A3-9474-1A3956D46DE8}") = "en-us", "en-us", "{1177C4BA-C7C8-4864-9338-73D6AA722E09}"
	ProjectSection(SolutionItems) = preProject
		lang\en-us\strings.ini = lang\en-us\strings.ini
	EndProjectSection
EndProject
Project("{2150E333-8FDC-42A3-9474-1A3956D46DE8}") = "Solution Items", "Solution Items", "{04ED0125-17F0-460D-A8D0-B4855819C96C}"
	ProjectSection(SolutionItems) = preProject
		modules.ini = modules.ini
		settings.ini = settings.ini
		lang\en-us\strings.ini = lang\en-us\strings.ini
	EndProjectSection
EndProject
Project("{FAE04EC0-301F-11D3-BF4B-00C04F79EFBC}") = "TLgui", "TLgui\TLgui.csproj", "{8AE98586-A5E3-4164-835B-F7C8ACB5D7CC}"
EndProject
Project("{FAE04EC0-301F-11D3-BF4B-00C04F79EFBC}") = "TLwebgui", "TLwebgui\TLwebgui.csproj", "{DABD5F7A-A18C-401E-8035-79116B22862A}"
EndProject
Project("{FAE04EC0-301F-11D3-BF4B-00C04F79EFBC}") = "TLpserver", "TLpserver\TLpserver.csproj", "{6E9954CD-5531-4C8A-BD83-CD3C78BB8553}"
EndProject
Project("{FAE04EC0-301F-11D3-BF4B-00C04F79EFBC}") = "tlRESTsvc", "tlRESTsvc\tlRESTsvc.csproj", "{4A49AB40-88F6-4162-80E4-C7B849A41C07}"
EndProject
Project("{FAE04EC0-301F-11D3-BF4B-00C04F79EFBC}") = "tlRESTsvr", "tlRESTsvr\tlRESTsvr.csproj", "{D923A8D5-9065-4DE4-8B6E-5FE91360D8BD}"
EndProject
Project("{FAE04EC0-301F-11D3-BF4B-00C04F79EFBC}") = "DBengine", "DBengine\DBengine.csproj", "{41152459-5A67-4D2C-AA47-0E67269BDF65}"
EndProject
Global
	GlobalSection(SolutionConfigurationPlatforms) = preSolution
		Debug|Any CPU = Debug|Any CPU
		Release|Any CPU = Release|Any CPU
	EndGlobalSection
	GlobalSection(ProjectConfigurationPlatforms) = postSolution
		{062A0FEC-EC42-41CB-80A8-DAB7DE1A9D2E}.Debug|Any CPU.ActiveCfg = Debug|Any CPU
		{062A0FEC-EC42-41CB-80A8-DAB7DE1A9D2E}.Debug|Any CPU.Build.0 = Debug|Any CPU
		{062A0FEC-EC42-41CB-80A8-DAB7DE1A9D2E}.Release|Any CPU.ActiveCfg = Release|Any CPU
		{062A0FEC-EC42-41CB-80A8-DAB7DE1A9D2E}.Release|Any CPU.Build.0 = Release|Any CPU
		{8AE98586-A5E3-4164-835B-F7C8ACB5D7CC}.Debug|Any CPU.ActiveCfg = Debug|Any CPU
		{8AE98586-A5E3-4164-835B-F7C8ACB5D7CC}.Debug|Any CPU.Build.0 = Debug|Any CPU
		{8AE98586-A5E3-4164-835B-F7C8ACB5D7CC}.Release|Any CPU.ActiveCfg = Release|Any CPU
		{8AE98586-A5E3-4164-835B-F7C8ACB5D7CC}.Release|Any CPU.Build.0 = Release|Any CPU
		{DABD5F7A-A18C-401E-8035-79116B22862A}.Debug|Any CPU.ActiveCfg = Debug|Any CPU
		{DABD5F7A-A18C-401E-8035-79116B22862A}.Debug|Any CPU.Build.0 = Debug|Any CPU
		{DABD5F7A-A18C-401E-8035-79116B22862A}.Release|Any CPU.ActiveCfg = Release|Any CPU
		{DABD5F7A-A18C-401E-8035-79116B22862A}.Release|Any CPU.Build.0 = Release|Any CPU
		{6E9954CD-5531-4C8A-BD83-CD3C78BB8553}.Debug|Any CPU.ActiveCfg = Debug|Any CPU
		{6E9954CD-5531-4C8A-BD83-CD3C78BB8553}.Debug|Any CPU.Build.0 = Debug|Any CPU
		{6E9954CD-5531-4C8A-BD83-CD3C78BB8553}.Release|Any CPU.ActiveCfg = Release|Any CPU
		{6E9954CD-5531-4C8A-BD83-CD3C78BB8553}.Release|Any CPU.Build.0 = Release|Any CPU
		{4A49AB40-88F6-4162-80E4-C7B849A41C07}.Debug|Any CPU.ActiveCfg = Debug|Any CPU
		{4A49AB40-88F6-4162-80E4-C7B849A41C07}.Debug|Any CPU.Build.0 = Debug|Any CPU
		{4A49AB40-88F6-4162-80E4-C7B849A41C07}.Release|Any CPU.ActiveCfg = Release|Any CPU
		{4A49AB40-88F6-4162-80E4-C7B849A41C07}.Release|Any CPU.Build.0 = Release|Any CPU
		{D923A8D5-9065-4DE4-8B6E-5FE91360D8BD}.Debug|Any CPU.ActiveCfg = Debug|Any CPU
		{D923A8D5-9065-4DE4-8B6E-5FE91360D8BD}.Debug|Any CPU.Build.0 = Debug|Any CPU
		{D923A8D5-9065-4DE4-8B6E-5FE91360D8BD}.Release|Any CPU.ActiveCfg = Release|Any CPU
		{D923A8D5-9065-4DE4-8B6E-5FE91360D8BD}.Release|Any CPU.Build.0 = Release|Any CPU
		{41152459-5A67-4D2C-AA47-0E67269BDF65}.Debug|Any CPU.ActiveCfg = Debug|Any CPU
		{41152459-5A67-4D2C-AA47-0E67269BDF65}.Debug|Any CPU.Build.0 = Debug|Any CPU
		{41152459-5A67-4D2C-AA47-0E67269BDF65}.Release|Any CPU.ActiveCfg = Release|Any CPU
		{41152459-5A67-4D2C-AA47-0E67269BDF65}.Release|Any CPU.Build.0 = Release|Any CPU
	EndGlobalSection
	GlobalSection(SolutionProperties) = preSolution
		HideSolutionNode = FALSE
	EndGlobalSection
	GlobalSection(NestedProjects) = preSolution
		{1177C4BA-C7C8-4864-9338-73D6AA722E09} = {07146CFC-A95B-4D6D-9966-F73A948817D2}
	EndGlobalSection
EndGlobal
